
Microsoft Visual Studio Solution File, Format Version 12.00
# Visual Studio 15
VisualStudioVersion = 15.0.28010.2016
MinimumVisualStudioVersion = 10.0.40219.1
Project("{8BC9CEB8-8B4A-11D0-8D11-00A0C91BC942}") = "ShopStuffs", "ShopStuffs\ShopStuffs.vcxproj", "{0073F7E3-DB2C-4391-95E8-C112B59C7502}"
EndProject
Global
	GlobalSection(SolutionConfigurationPlatforms) = preSolution
		Debug|x64 = Debug|x64
		Debug|x86 = Debug|x86
		Release|x64 = Release|x64
		Release|x86 = Release|x86
	EndGlobalSection
	GlobalSection(ProjectConfigurationPlatforms) = postSolution
		{0073F7E3-DB2C-4391-95E8-C112B59C7502}.Debug|x64.ActiveCfg = Debug|x64
		{0073F7E3-DB2C-4391-95E8-C112B59C7502}.Debug|x64.Build.0 = Debug|x64
		{0073F7E3-DB2C-4391-95E8-C112B59C7502}.Debug|x86.ActiveCfg = Debug|Win32
		{0073F7E3-DB2C-4391-95E8-C112B59C7502}.Debug|x86.Build.0 = Debug|Win32
		{0073F7E3-DB2C-4391-95E8-C112B59C7502}.Release|x64.ActiveCfg = Release|x64
		{0073F7E3-DB2C-4391-95E8-C112B59C7502}.Release|x64.Build.0 = Release|x64
		{0073F7E3-DB2C-4391-95E8-C112B59C7502}.Release|x86.ActiveCfg = Release|Win32
		{0073F7E3-DB2C-4391-95E8-C112B59C7502}.Release|x86.Build.0 = Release|Win32
	EndGlobalSection
	GlobalSection(SolutionProperties) = preSolution
		HideSolutionNode = FALSE
	EndGlobalSection
	GlobalSection(ExtensibilityGlobals) = postSolution
		SolutionGuid = {418F92B0-F698-41E5-92FE-7F75C2EB0AFC}
	EndGlobalSection
EndGlobal
