
Microsoft Visual Studio Solution File, Format Version 12.00
# Visual Studio 15
VisualStudioVersion = 15.0.28010.2016
MinimumVisualStudioVersion = 10.0.40219.1
Project("{8BC9CEB8-8B4A-11D0-8D11-00A0C91BC942}") = "GAME1001W5", "GAME1001W5\GAME1001W5.vcxproj", "{F26F5D2B-6313-4BBA-8AFB-0C8C50FB90EA}"
EndProject
Global
	GlobalSection(SolutionConfigurationPlatforms) = preSolution
		Debug|x64 = Debug|x64
		Debug|x86 = Debug|x86
		Release|x64 = Release|x64
		Release|x86 = Release|x86
	EndGlobalSection
	GlobalSection(ProjectConfigurationPlatforms) = postSolution
		{F26F5D2B-6313-4BBA-8AFB-0C8C50FB90EA}.Debug|x64.ActiveCfg = Debug|x64
		{F26F5D2B-6313-4BBA-8AFB-0C8C50FB90EA}.Debug|x64.Build.0 = Debug|x64
		{F26F5D2B-6313-4BBA-8AFB-0C8C50FB90EA}.Debug|x86.ActiveCfg = Debug|Win32
		{F26F5D2B-6313-4BBA-8AFB-0C8C50FB90EA}.Debug|x86.Build.0 = Debug|Win32
		{F26F5D2B-6313-4BBA-8AFB-0C8C50FB90EA}.Release|x64.ActiveCfg = Release|x64
		{F26F5D2B-6313-4BBA-8AFB-0C8C50FB90EA}.Release|x64.Build.0 = Release|x64
		{F26F5D2B-6313-4BBA-8AFB-0C8C50FB90EA}.Release|x86.ActiveCfg = Release|Win32
		{F26F5D2B-6313-4BBA-8AFB-0C8C50FB90EA}.Release|x86.Build.0 = Release|Win32
	EndGlobalSection
	GlobalSection(SolutionProperties) = preSolution
		HideSolutionNode = FALSE
	EndGlobalSection
	GlobalSection(ExtensibilityGlobals) = postSolution
		SolutionGuid = {9F739648-CAF3-452D-BC33-B971AE55F22E}
	EndGlobalSection
EndGlobal
