
Microsoft Visual Studio Solution File, Format Version 12.00
# Visual Studio 15
VisualStudioVersion = 15.0.28010.2016
MinimumVisualStudioVersion = 10.0.40219.1
Project("{8BC9CEB8-8B4A-11D0-8D11-00A0C91BC942}") = "Thing", "Thing\Thing.vcxproj", "{98CB7CC0-E11E-4E2F-9606-62FBC6948AAB}"
EndProject
Global
	GlobalSection(SolutionConfigurationPlatforms) = preSolution
		Debug|x64 = Debug|x64
		Debug|x86 = Debug|x86
		Release|x64 = Release|x64
		Release|x86 = Release|x86
	EndGlobalSection
	GlobalSection(ProjectConfigurationPlatforms) = postSolution
		{98CB7CC0-E11E-4E2F-9606-62FBC6948AAB}.Debug|x64.ActiveCfg = Debug|x64
		{98CB7CC0-E11E-4E2F-9606-62FBC6948AAB}.Debug|x64.Build.0 = Debug|x64
		{98CB7CC0-E11E-4E2F-9606-62FBC6948AAB}.Debug|x86.ActiveCfg = Debug|Win32
		{98CB7CC0-E11E-4E2F-9606-62FBC6948AAB}.Debug|x86.Build.0 = Debug|Win32
		{98CB7CC0-E11E-4E2F-9606-62FBC6948AAB}.Release|x64.ActiveCfg = Release|x64
		{98CB7CC0-E11E-4E2F-9606-62FBC6948AAB}.Release|x64.Build.0 = Release|x64
		{98CB7CC0-E11E-4E2F-9606-62FBC6948AAB}.Release|x86.ActiveCfg = Release|Win32
		{98CB7CC0-E11E-4E2F-9606-62FBC6948AAB}.Release|x86.Build.0 = Release|Win32
	EndGlobalSection
	GlobalSection(SolutionProperties) = preSolution
		HideSolutionNode = FALSE
	EndGlobalSection
	GlobalSection(ExtensibilityGlobals) = postSolution
		SolutionGuid = {C2B5F5CA-9622-40E7-9312-73D8CDE33C66}
	EndGlobalSection
EndGlobal
