
Microsoft Visual Studio Solution File, Format Version 12.00
# Visual Studio 15
VisualStudioVersion = 15.0.28010.2016
MinimumVisualStudioVersion = 10.0.40219.1
Project("{8BC9CEB8-8B4A-11D0-8D11-00A0C91BC942}") = "Traveller game", "Traveller game\Traveller game.vcxproj", "{F56A45C3-CB4E-49ED-86DE-126654E4D295}"
EndProject
Global
	GlobalSection(SolutionConfigurationPlatforms) = preSolution
		Debug|x64 = Debug|x64
		Debug|x86 = Debug|x86
		Release|x64 = Release|x64
		Release|x86 = Release|x86
	EndGlobalSection
	GlobalSection(ProjectConfigurationPlatforms) = postSolution
		{F56A45C3-CB4E-49ED-86DE-126654E4D295}.Debug|x64.ActiveCfg = Debug|x64
		{F56A45C3-CB4E-49ED-86DE-126654E4D295}.Debug|x64.Build.0 = Debug|x64
		{F56A45C3-CB4E-49ED-86DE-126654E4D295}.Debug|x86.ActiveCfg = Debug|Win32
		{F56A45C3-CB4E-49ED-86DE-126654E4D295}.Debug|x86.Build.0 = Debug|Win32
		{F56A45C3-CB4E-49ED-86DE-126654E4D295}.Release|x64.ActiveCfg = Release|x64
		{F56A45C3-CB4E-49ED-86DE-126654E4D295}.Release|x64.Build.0 = Release|x64
		{F56A45C3-CB4E-49ED-86DE-126654E4D295}.Release|x86.ActiveCfg = Release|Win32
		{F56A45C3-CB4E-49ED-86DE-126654E4D295}.Release|x86.Build.0 = Release|Win32
	EndGlobalSection
	GlobalSection(SolutionProperties) = preSolution
		HideSolutionNode = FALSE
	EndGlobalSection
	GlobalSection(ExtensibilityGlobals) = postSolution
		SolutionGuid = {19F45E4D-2C83-4B60-A0A5-BB0BB0E94D46}
	EndGlobalSection
EndGlobal
